{
  "name": "vehicle-cleaning-app",
  "version": "1.0.0",
  "lockfileVersion": 3,
  "requires": true,
  "packages": {
    "": {
      "name": "vehicle-cleaning-app",
      "version": "1.0.0",
      "license": "ISC",
      "engines": {
        "node": ">=14.0.0",
        "npm": ">=6.0.0"
      }
    }
  }
}
